
Microsoft Visual Studio Solution File, Format Version 12.00
# Visual Studio Version 17
VisualStudioVersion = 17.0.31903.59
MinimumVisualStudioVersion = 10.0.40219.1
Project("{2150E333-8FDC-42A3-9474-1A3956D46DE8}") = "src", "src", "{827E0CD3-B72D-47B6-A68D-7590B98EB39B}"
EndProject
Project("{FAE04EC0-301F-11D3-BF4B-00C04F79EFBC}") = "Hypesoft.Domain", "src\Hypesoft.Domain\Hypesoft.Domain.csproj", "{94DA7F03-E0C3-4E74-880B-713E7FAD5495}"
EndProject
Project("{FAE04EC0-301F-11D3-BF4B-00C04F79EFBC}") = "Hypesoft.Application", "src\Hypesoft.Application\Hypesoft.Application.csproj", "{54580377-1B3A-4D91-ACE3-116A2C8AB234}"
EndProject
Project("{FAE04EC0-301F-11D3-BF4B-00C04F79EFBC}") = "Hypesoft.Infrastructure", "src\Hypesoft.Infrastructure\Hypesoft.Infrastructure.csproj", "{88DB95AA-067E-4209-8F19-1C48CF1E7B8F}"
EndProject
Project("{FAE04EC0-301F-11D3-BF4B-00C04F79EFBC}") = "Hypesoft.API", "src\Hypesoft.API\Hypesoft.API.csproj", "{CF1FEDC7-8B87-4903-A069-D10C359DA9BB}"
EndProject
Global
	GlobalSection(SolutionConfigurationPlatforms) = preSolution
		Debug|Any CPU = Debug|Any CPU
		Debug|x64 = Debug|x64
		Debug|x86 = Debug|x86
		Release|Any CPU = Release|Any CPU
		Release|x64 = Release|x64
		Release|x86 = Release|x86
	EndGlobalSection
	GlobalSection(ProjectConfigurationPlatforms) = postSolution
		{94DA7F03-E0C3-4E74-880B-713E7FAD5495}.Debug|Any CPU.ActiveCfg = Debug|Any CPU
		{94DA7F03-E0C3-4E74-880B-713E7FAD5495}.Debug|Any CPU.Build.0 = Debug|Any CPU
		{94DA7F03-E0C3-4E74-880B-713E7FAD5495}.Debug|x64.ActiveCfg = Debug|Any CPU
		{94DA7F03-E0C3-4E74-880B-713E7FAD5495}.Debug|x64.Build.0 = Debug|Any CPU
		{94DA7F03-E0C3-4E74-880B-713E7FAD5495}.Debug|x86.ActiveCfg = Debug|Any CPU
		{94DA7F03-E0C3-4E74-880B-713E7FAD5495}.Debug|x86.Build.0 = Debug|Any CPU
		{94DA7F03-E0C3-4E74-880B-713E7FAD5495}.Release|Any CPU.ActiveCfg = Release|Any CPU
		{94DA7F03-E0C3-4E74-880B-713E7FAD5495}.Release|Any CPU.Build.0 = Release|Any CPU
		{94DA7F03-E0C3-4E74-880B-713E7FAD5495}.Release|x64.ActiveCfg = Release|Any CPU
		{94DA7F03-E0C3-4E74-880B-713E7FAD5495}.Release|x64.Build.0 = Release|Any CPU
		{94DA7F03-E0C3-4E74-880B-713E7FAD5495}.Release|x86.ActiveCfg = Release|Any CPU
		{94DA7F03-E0C3-4E74-880B-713E7FAD5495}.Release|x86.Build.0 = Release|Any CPU
		{54580377-1B3A-4D91-ACE3-116A2C8AB234}.Debug|Any CPU.ActiveCfg = Debug|Any CPU
		{54580377-1B3A-4D91-ACE3-116A2C8AB234}.Debug|Any CPU.Build.0 = Debug|Any CPU
		{54580377-1B3A-4D91-ACE3-116A2C8AB234}.Debug|x64.ActiveCfg = Debug|Any CPU
		{54580377-1B3A-4D91-ACE3-116A2C8AB234}.Debug|x64.Build.0 = Debug|Any CPU
		{54580377-1B3A-4D91-ACE3-116A2C8AB234}.Debug|x86.ActiveCfg = Debug|Any CPU
		{54580377-1B3A-4D91-ACE3-116A2C8AB234}.Debug|x86.Build.0 = Debug|Any CPU
		{54580377-1B3A-4D91-ACE3-116A2C8AB234}.Release|Any CPU.ActiveCfg = Release|Any CPU
		{54580377-1B3A-4D91-ACE3-116A2C8AB234}.Release|Any CPU.Build.0 = Release|Any CPU
		{54580377-1B3A-4D91-ACE3-116A2C8AB234}.Release|x64.ActiveCfg = Release|Any CPU
		{54580377-1B3A-4D91-ACE3-116A2C8AB234}.Release|x64.Build.0 = Release|Any CPU
		{54580377-1B3A-4D91-ACE3-116A2C8AB234}.Release|x86.ActiveCfg = Release|Any CPU
		{54580377-1B3A-4D91-ACE3-116A2C8AB234}.Release|x86.Build.0 = Release|Any CPU
		{88DB95AA-067E-4209-8F19-1C48CF1E7B8F}.Debug|Any CPU.ActiveCfg = Debug|Any CPU
		{88DB95AA-067E-4209-8F19-1C48CF1E7B8F}.Debug|Any CPU.Build.0 = Debug|Any CPU
		{88DB95AA-067E-4209-8F19-1C48CF1E7B8F}.Debug|x64.ActiveCfg = Debug|Any CPU
		{88DB95AA-067E-4209-8F19-1C48CF1E7B8F}.Debug|x64.Build.0 = Debug|Any CPU
		{88DB95AA-067E-4209-8F19-1C48CF1E7B8F}.Debug|x86.ActiveCfg = Debug|Any CPU
		{88DB95AA-067E-4209-8F19-1C48CF1E7B8F}.Debug|x86.Build.0 = Debug|Any CPU
		{88DB95AA-067E-4209-8F19-1C48CF1E7B8F}.Release|Any CPU.ActiveCfg = Release|Any CPU
		{88DB95AA-067E-4209-8F19-1C48CF1E7B8F}.Release|Any CPU.Build.0 = Release|Any CPU
		{88DB95AA-067E-4209-8F19-1C48CF1E7B8F}.Release|x64.ActiveCfg = Release|Any CPU
		{88DB95AA-067E-4209-8F19-1C48CF1E7B8F}.Release|x64.Build.0 = Release|Any CPU
		{88DB95AA-067E-4209-8F19-1C48CF1E7B8F}.Release|x86.ActiveCfg = Release|Any CPU
		{88DB95AA-067E-4209-8F19-1C48CF1E7B8F}.Release|x86.Build.0 = Release|Any CPU
		{CF1FEDC7-8B87-4903-A069-D10C359DA9BB}.Debug|Any CPU.ActiveCfg = Debug|Any CPU
		{CF1FEDC7-8B87-4903-A069-D10C359DA9BB}.Debug|Any CPU.Build.0 = Debug|Any CPU
		{CF1FEDC7-8B87-4903-A069-D10C359DA9BB}.Debug|x64.ActiveCfg = Debug|Any CPU
		{CF1FEDC7-8B87-4903-A069-D10C359DA9BB}.Debug|x64.Build.0 = Debug|Any CPU
		{CF1FEDC7-8B87-4903-A069-D10C359DA9BB}.Debug|x86.ActiveCfg = Debug|Any CPU
		{CF1FEDC7-8B87-4903-A069-D10C359DA9BB}.Debug|x86.Build.0 = Debug|Any CPU
		{CF1FEDC7-8B87-4903-A069-D10C359DA9BB}.Release|Any CPU.ActiveCfg = Release|Any CPU
		{CF1FEDC7-8B87-4903-A069-D10C359DA9BB}.Release|Any CPU.Build.0 = Release|Any CPU
		{CF1FEDC7-8B87-4903-A069-D10C359DA9BB}.Release|x64.ActiveCfg = Release|Any CPU
		{CF1FEDC7-8B87-4903-A069-D10C359DA9BB}.Release|x64.Build.0 = Release|Any CPU
		{CF1FEDC7-8B87-4903-A069-D10C359DA9BB}.Release|x86.ActiveCfg = Release|Any CPU
		{CF1FEDC7-8B87-4903-A069-D10C359DA9BB}.Release|x86.Build.0 = Release|Any CPU
	EndGlobalSection
	GlobalSection(SolutionProperties) = preSolution
		HideSolutionNode = FALSE
	EndGlobalSection
	GlobalSection(NestedProjects) = preSolution
		{94DA7F03-E0C3-4E74-880B-713E7FAD5495} = {827E0CD3-B72D-47B6-A68D-7590B98EB39B}
		{54580377-1B3A-4D91-ACE3-116A2C8AB234} = {827E0CD3-B72D-47B6-A68D-7590B98EB39B}
		{88DB95AA-067E-4209-8F19-1C48CF1E7B8F} = {827E0CD3-B72D-47B6-A68D-7590B98EB39B}
		{CF1FEDC7-8B87-4903-A069-D10C359DA9BB} = {827E0CD3-B72D-47B6-A68D-7590B98EB39B}
	EndGlobalSection
EndGlobal
